
Microsoft Visual Studio Solution File, Format Version 12.00
# Visual Studio 14
VisualStudioVersion = 14.0.23107.0
MinimumVisualStudioVersion = 10.0.40219.1
Project("{8BC9CEB8-8B4A-11D0-8D11-00A0C91BC942}") = "FirstStudy_0", "FirstStudy_0\FirstStudy_0.vcxproj", "{2AB1D7A0-0E6A-4987-9B00-4CB4AA06F92E}"
EndProject
Project("{8BC9CEB8-8B4A-11D0-8D11-00A0C91BC942}") = "first_2", "first_2\first_2.vcxproj", "{4F36C7C8-5334-4347-8E53-09F34923E63F}"
EndProject
Project("{2150E333-8FDC-42A3-9474-1A3956D46DE8}") = "03_C", "03_C", "{2C65D0D1-407F-41EB-96E1-2A236639A7B4}"
EndProject
Project("{2150E333-8FDC-42A3-9474-1A3956D46DE8}") = "01_C++", "01_C++", "{49C61692-11A1-4D38-B393-2C14E9E53CC4}"
EndProject
Project("{8BC9CEB8-8B4A-11D0-8D11-00A0C91BC942}") = "Point_0", "Point_0\Point_0.vcxproj", "{1BE1BF13-6D9A-422C-A51B-A1D096F4E19F}"
EndProject
Project("{8BC9CEB8-8B4A-11D0-8D11-00A0C91BC942}") = "file_0", "file_0\file_0.vcxproj", "{47A6B000-B568-47F4-97BE-4439B21DAF0A}"
EndProject
Project("{8BC9CEB8-8B4A-11D0-8D11-00A0C91BC942}") = "File_1", "File_1\File_1.vcxproj", "{C77E61A5-7246-41F3-A771-A350B03071F1}"
EndProject
Project("{8BC9CEB8-8B4A-11D0-8D11-00A0C91BC942}") = "file_2", "file_2\file_2.vcxproj", "{F9E69CFE-8B1B-467E-987B-0CE60E15166F}"
EndProject
Project("{8BC9CEB8-8B4A-11D0-8D11-00A0C91BC942}") = "LinkedList_0", "LinkedList_0\LinkedList_0.vcxproj", "{61DEB940-7122-465C-953F-95E7D97985E6}"
EndProject
Project("{8BC9CEB8-8B4A-11D0-8D11-00A0C91BC942}") = "Sort", "Sort\Sort.vcxproj", "{05C7FA3F-1323-4108-87C8-E8A6C3A7F8CB}"
EndProject
Project("{8BC9CEB8-8B4A-11D0-8D11-00A0C91BC942}") = "Tree_0", "Tree_0\Tree_0.vcxproj", "{08F86C83-F5C6-49EB-A0E9-D12E88F546A4}"
EndProject
Project("{8BC9CEB8-8B4A-11D0-8D11-00A0C91BC942}") = "0_Struct_0", "0_Struct_0\0_Struct_0.vcxproj", "{996642F4-6BAB-4D61-892B-B9B6FCF34A75}"
EndProject
Project("{8BC9CEB8-8B4A-11D0-8D11-00A0C91BC942}") = "1_Class", "1_Class\1_Class.vcxproj", "{AF793ADC-681A-41BA-93CB-F2C56E25C3BB}"
EndProject
Project("{8BC9CEB8-8B4A-11D0-8D11-00A0C91BC942}") = "Class_1", "Class_1\Class_1.vcxproj", "{073C3626-2830-47D5-A64F-90F550374E39}"
EndProject
Project("{8BC9CEB8-8B4A-11D0-8D11-00A0C91BC942}") = "Operator", "Operator\Operator.vcxproj", "{42AE0318-C8B8-40DD-8160-DB187EA40DFD}"
EndProject
Project("{8BC9CEB8-8B4A-11D0-8D11-00A0C91BC942}") = "Class_2", "Class_2\Class_2.vcxproj", "{FDAB8887-357F-46C6-A73C-AF3487502E7E}"
EndProject
Project("{8BC9CEB8-8B4A-11D0-8D11-00A0C91BC942}") = "Friend_0", "Friend_0\Friend_0.vcxproj", "{D8A750C6-0B8C-46EA-B229-3205127DC6B4}"
EndProject
Project("{8BC9CEB8-8B4A-11D0-8D11-00A0C91BC942}") = "Template_0", "Template_0\Template_0.vcxproj", "{5D6E2F14-B453-479A-9640-B86F99C705EF}"
EndProject
Project("{8BC9CEB8-8B4A-11D0-8D11-00A0C91BC942}") = "Cast_0", "Cast_0\Cast_0.vcxproj", "{43E1D246-A185-49D5-A96C-0D9047E9A3BC}"
EndProject
Project("{8BC9CEB8-8B4A-11D0-8D11-00A0C91BC942}") = "Cast_1", "Cast_1\Cast_1.vcxproj", "{FF65B6A9-4477-4D76-82D9-871CA7609BCB}"
EndProject
Project("{8BC9CEB8-8B4A-11D0-8D11-00A0C91BC942}") = "Cast_2", "Cast_2\Cast_2.vcxproj", "{83AD4B14-A003-4B76-9C9D-5D84BB7C6136}"
EndProject
Project("{8BC9CEB8-8B4A-11D0-8D11-00A0C91BC942}") = "Explicit_0", "Explicit_0\Explicit_0.vcxproj", "{C13E1E46-9A0A-412C-8F64-4573FBDF7601}"
EndProject
Project("{2150E333-8FDC-42A3-9474-1A3956D46DE8}") = "02_Window", "02_Window", "{2BE61E7E-5E0E-4A15-9933-9F4CD6615888}"
EndProject
Project("{8BC9CEB8-8B4A-11D0-8D11-00A0C91BC942}") = "Win32Project1", "Win32Project1\Win32Project1.vcxproj", "{D16A4385-59EC-4204-AAA8-287E8E03CBD6}"
EndProject
Project("{8BC9CEB8-8B4A-11D0-8D11-00A0C91BC942}") = "SampleWindow_0", "SampleWindow_0\SampleWindow_0.vcxproj", "{DAC5C9FD-14A6-4D80-9541-AC38B10685E5}"
EndProject
Project("{8BC9CEB8-8B4A-11D0-8D11-00A0C91BC942}") = "TCoreLib", "TCoreLib\TCoreLib.vcxproj", "{29665D25-23A4-4EAA-8373-59A73D381ADA}"
EndProject
Project("{8BC9CEB8-8B4A-11D0-8D11-00A0C91BC942}") = "SampleWindow_1", "SampleWindow_1\SampleWindow_1.vcxproj", "{3A45E929-3D66-41E6-92EE-AF76C890308A}"
EndProject
Project("{8BC9CEB8-8B4A-11D0-8D11-00A0C91BC942}") = "SampleWindow_2", "SampleWindow_2\SampleWindow_2.vcxproj", "{C0AFF525-0159-47CB-A088-665EF05B826F}"
	ProjectSection(ProjectDependencies) = postProject
		{29665D25-23A4-4EAA-8373-59A73D381ADA} = {29665D25-23A4-4EAA-8373-59A73D381ADA}
	EndProjectSection
EndProject
Project("{8BC9CEB8-8B4A-11D0-8D11-00A0C91BC942}") = "SampleInput", "SampleInput\SampleInput.vcxproj", "{348FD4AB-AF43-4271-8B43-174C72600974}"
EndProject
Project("{2150E333-8FDC-42A3-9474-1A3956D46DE8}") = "lib", "lib", "{01ADD643-259F-4313-B7B5-0CCCA4ABD1CC}"
EndProject
Project("{8BC9CEB8-8B4A-11D0-8D11-00A0C91BC942}") = "TEngine", "TEngine\TEngine.vcxproj", "{340E053F-B57D-42AF-82E8-A8E1590AA1E6}"
EndProject
Project("{8BC9CEB8-8B4A-11D0-8D11-00A0C91BC942}") = "SampleLib", "SampleLib\SampleLib.vcxproj", "{5FFF0466-33C9-4937-86FA-C47CACD57E29}"
	ProjectSection(ProjectDependencies) = postProject
		{340E053F-B57D-42AF-82E8-A8E1590AA1E6} = {340E053F-B57D-42AF-82E8-A8E1590AA1E6}
	EndProjectSection
EndProject
Project("{8BC9CEB8-8B4A-11D0-8D11-00A0C91BC942}") = "SampleWindow_3", "SampleWindow_3\SampleWindow_3.vcxproj", "{6403736D-6ABA-489E-A049-DDF2D28B6A18}"
EndProject
Project("{8BC9CEB8-8B4A-11D0-8D11-00A0C91BC942}") = "SampleRotation", "SampleRotation_0\SampleRotation.vcxproj", "{34E217A8-2DA6-46C0-9A49-F651D34D8CFD}"
EndProject
Project("{8BC9CEB8-8B4A-11D0-8D11-00A0C91BC942}") = "SampleSprite", "SampleSprite\SampleSprite.vcxproj", "{40143D4A-BE73-4F6F-A1D8-70955D13A304}"
EndProject
Project("{2150E333-8FDC-42A3-9474-1A3956D46DE8}") = "stl", "stl", "{0DC602F8-9504-4532-99A8-55277EE14CD5}"
EndProject
Project("{8BC9CEB8-8B4A-11D0-8D11-00A0C91BC942}") = "vector_0", "vector_0\vector_0.vcxproj", "{6CD60266-D0AE-47EC-9B6E-5C72AB8C0CC6}"
EndProject
Project("{8BC9CEB8-8B4A-11D0-8D11-00A0C91BC942}") = "vector_1", "vector_1\vector_1.vcxproj", "{F5953FEA-877F-42E5-9490-BEA59C511A77}"
EndProject
Project("{8BC9CEB8-8B4A-11D0-8D11-00A0C91BC942}") = "string", "string\string.vcxproj", "{313BB0D6-9DE3-4621-9FFE-5642E1E5E4EC}"
EndProject
Project("{8BC9CEB8-8B4A-11D0-8D11-00A0C91BC942}") = "list", "list\list.vcxproj", "{06FF293D-4313-49FB-925B-46C4460D274E}"
EndProject
Project("{2150E333-8FDC-42A3-9474-1A3956D46DE8}") = "00_Socket", "00_Socket", "{2CFA1B96-547B-4C09-B7FC-2FB5931FA5A3}"
EndProject
Project("{8BC9CEB8-8B4A-11D0-8D11-00A0C91BC942}") = "WinSock_0", "WinSock_0\WinSock_0.vcxproj", "{994556E9-5F7D-4F01-BB9F-BD34AB95C35E}"
EndProject
Project("{8BC9CEB8-8B4A-11D0-8D11-00A0C91BC942}") = "WinSockSvr_0", "WinSockSvr_0\WinSockSvr_0.vcxproj", "{B6CFD5D2-F8D4-4542-95A6-31A97A1D0B2A}"
EndProject
Project("{2150E333-8FDC-42A3-9474-1A3956D46DE8}") = "Thread", "Thread", "{E8FDBAA1-156C-43DF-955E-0B569A39550D}"
EndProject
Project("{8BC9CEB8-8B4A-11D0-8D11-00A0C91BC942}") = "Client_0", "Client_0\Client_0.vcxproj", "{B60C1834-4926-4738-9652-09D24334C5D5}"
EndProject
Project("{8BC9CEB8-8B4A-11D0-8D11-00A0C91BC942}") = "Server_0", "Server_0\Server_0.vcxproj", "{4B5D5441-31A7-4642-B202-961350DE9964}"
EndProject
Project("{2150E333-8FDC-42A3-9474-1A3956D46DE8}") = "base", "base", "{9BAAAE5F-E1C9-4E2C-8D30-29C42DFF900A}"
EndProject
Project("{8BC9CEB8-8B4A-11D0-8D11-00A0C91BC942}") = "MutexSvr", "MutexSvr\MutexSvr.vcxproj", "{30B50215-7F54-469C-A064-B6CA7E8148C1}"
EndProject
Global
	GlobalSection(SolutionConfigurationPlatforms) = preSolution
		Debug|x64 = Debug|x64
		Debug|x86 = Debug|x86
		Release|x64 = Release|x64
		Release|x86 = Release|x86
	EndGlobalSection
	GlobalSection(ProjectConfigurationPlatforms) = postSolution
		{2AB1D7A0-0E6A-4987-9B00-4CB4AA06F92E}.Debug|x64.ActiveCfg = Debug|x64
		{2AB1D7A0-0E6A-4987-9B00-4CB4AA06F92E}.Debug|x64.Build.0 = Debug|x64
		{2AB1D7A0-0E6A-4987-9B00-4CB4AA06F92E}.Debug|x86.ActiveCfg = Debug|Win32
		{2AB1D7A0-0E6A-4987-9B00-4CB4AA06F92E}.Debug|x86.Build.0 = Debug|Win32
		{2AB1D7A0-0E6A-4987-9B00-4CB4AA06F92E}.Release|x64.ActiveCfg = Release|x64
		{2AB1D7A0-0E6A-4987-9B00-4CB4AA06F92E}.Release|x64.Build.0 = Release|x64
		{2AB1D7A0-0E6A-4987-9B00-4CB4AA06F92E}.Release|x86.ActiveCfg = Release|Win32
		{2AB1D7A0-0E6A-4987-9B00-4CB4AA06F92E}.Release|x86.Build.0 = Release|Win32
		{4F36C7C8-5334-4347-8E53-09F34923E63F}.Debug|x64.ActiveCfg = Debug|x64
		{4F36C7C8-5334-4347-8E53-09F34923E63F}.Debug|x64.Build.0 = Debug|x64
		{4F36C7C8-5334-4347-8E53-09F34923E63F}.Debug|x86.ActiveCfg = Debug|Win32
		{4F36C7C8-5334-4347-8E53-09F34923E63F}.Debug|x86.Build.0 = Debug|Win32
		{4F36C7C8-5334-4347-8E53-09F34923E63F}.Release|x64.ActiveCfg = Release|x64
		{4F36C7C8-5334-4347-8E53-09F34923E63F}.Release|x64.Build.0 = Release|x64
		{4F36C7C8-5334-4347-8E53-09F34923E63F}.Release|x86.ActiveCfg = Release|Win32
		{4F36C7C8-5334-4347-8E53-09F34923E63F}.Release|x86.Build.0 = Release|Win32
		{1BE1BF13-6D9A-422C-A51B-A1D096F4E19F}.Debug|x64.ActiveCfg = Debug|x64
		{1BE1BF13-6D9A-422C-A51B-A1D096F4E19F}.Debug|x64.Build.0 = Debug|x64
		{1BE1BF13-6D9A-422C-A51B-A1D096F4E19F}.Debug|x86.ActiveCfg = Debug|Win32
		{1BE1BF13-6D9A-422C-A51B-A1D096F4E19F}.Debug|x86.Build.0 = Debug|Win32
		{1BE1BF13-6D9A-422C-A51B-A1D096F4E19F}.Release|x64.ActiveCfg = Release|x64
		{1BE1BF13-6D9A-422C-A51B-A1D096F4E19F}.Release|x64.Build.0 = Release|x64
		{1BE1BF13-6D9A-422C-A51B-A1D096F4E19F}.Release|x86.ActiveCfg = Release|Win32
		{1BE1BF13-6D9A-422C-A51B-A1D096F4E19F}.Release|x86.Build.0 = Release|Win32
		{47A6B000-B568-47F4-97BE-4439B21DAF0A}.Debug|x64.ActiveCfg = Debug|x64
		{47A6B000-B568-47F4-97BE-4439B21DAF0A}.Debug|x64.Build.0 = Debug|x64
		{47A6B000-B568-47F4-97BE-4439B21DAF0A}.Debug|x86.ActiveCfg = Debug|Win32
		{47A6B000-B568-47F4-97BE-4439B21DAF0A}.Debug|x86.Build.0 = Debug|Win32
		{47A6B000-B568-47F4-97BE-4439B21DAF0A}.Release|x64.ActiveCfg = Release|x64
		{47A6B000-B568-47F4-97BE-4439B21DAF0A}.Release|x64.Build.0 = Release|x64
		{47A6B000-B568-47F4-97BE-4439B21DAF0A}.Release|x86.ActiveCfg = Release|Win32
		{47A6B000-B568-47F4-97BE-4439B21DAF0A}.Release|x86.Build.0 = Release|Win32
		{C77E61A5-7246-41F3-A771-A350B03071F1}.Debug|x64.ActiveCfg = Debug|x64
		{C77E61A5-7246-41F3-A771-A350B03071F1}.Debug|x64.Build.0 = Debug|x64
		{C77E61A5-7246-41F3-A771-A350B03071F1}.Debug|x86.ActiveCfg = Debug|Win32
		{C77E61A5-7246-41F3-A771-A350B03071F1}.Debug|x86.Build.0 = Debug|Win32
		{C77E61A5-7246-41F3-A771-A350B03071F1}.Release|x64.ActiveCfg = Release|x64
		{C77E61A5-7246-41F3-A771-A350B03071F1}.Release|x64.Build.0 = Release|x64
		{C77E61A5-7246-41F3-A771-A350B03071F1}.Release|x86.ActiveCfg = Release|Win32
		{C77E61A5-7246-41F3-A771-A350B03071F1}.Release|x86.Build.0 = Release|Win32
		{F9E69CFE-8B1B-467E-987B-0CE60E15166F}.Debug|x64.ActiveCfg = Debug|x64
		{F9E69CFE-8B1B-467E-987B-0CE60E15166F}.Debug|x64.Build.0 = Debug|x64
		{F9E69CFE-8B1B-467E-987B-0CE60E15166F}.Debug|x86.ActiveCfg = Debug|Win32
		{F9E69CFE-8B1B-467E-987B-0CE60E15166F}.Debug|x86.Build.0 = Debug|Win32
		{F9E69CFE-8B1B-467E-987B-0CE60E15166F}.Release|x64.ActiveCfg = Release|x64
		{F9E69CFE-8B1B-467E-987B-0CE60E15166F}.Release|x64.Build.0 = Release|x64
		{F9E69CFE-8B1B-467E-987B-0CE60E15166F}.Release|x86.ActiveCfg = Release|Win32
		{F9E69CFE-8B1B-467E-987B-0CE60E15166F}.Release|x86.Build.0 = Release|Win32
		{61DEB940-7122-465C-953F-95E7D97985E6}.Debug|x64.ActiveCfg = Debug|x64
		{61DEB940-7122-465C-953F-95E7D97985E6}.Debug|x64.Build.0 = Debug|x64
		{61DEB940-7122-465C-953F-95E7D97985E6}.Debug|x86.ActiveCfg = Debug|Win32
		{61DEB940-7122-465C-953F-95E7D97985E6}.Debug|x86.Build.0 = Debug|Win32
		{61DEB940-7122-465C-953F-95E7D97985E6}.Release|x64.ActiveCfg = Release|x64
		{61DEB940-7122-465C-953F-95E7D97985E6}.Release|x64.Build.0 = Release|x64
		{61DEB940-7122-465C-953F-95E7D97985E6}.Release|x86.ActiveCfg = Release|Win32
		{61DEB940-7122-465C-953F-95E7D97985E6}.Release|x86.Build.0 = Release|Win32
		{05C7FA3F-1323-4108-87C8-E8A6C3A7F8CB}.Debug|x64.ActiveCfg = Debug|x64
		{05C7FA3F-1323-4108-87C8-E8A6C3A7F8CB}.Debug|x64.Build.0 = Debug|x64
		{05C7FA3F-1323-4108-87C8-E8A6C3A7F8CB}.Debug|x86.ActiveCfg = Debug|Win32
		{05C7FA3F-1323-4108-87C8-E8A6C3A7F8CB}.Debug|x86.Build.0 = Debug|Win32
		{05C7FA3F-1323-4108-87C8-E8A6C3A7F8CB}.Release|x64.ActiveCfg = Release|x64
		{05C7FA3F-1323-4108-87C8-E8A6C3A7F8CB}.Release|x64.Build.0 = Release|x64
		{05C7FA3F-1323-4108-87C8-E8A6C3A7F8CB}.Release|x86.ActiveCfg = Release|Win32
		{05C7FA3F-1323-4108-87C8-E8A6C3A7F8CB}.Release|x86.Build.0 = Release|Win32
		{08F86C83-F5C6-49EB-A0E9-D12E88F546A4}.Debug|x64.ActiveCfg = Debug|x64
		{08F86C83-F5C6-49EB-A0E9-D12E88F546A4}.Debug|x64.Build.0 = Debug|x64
		{08F86C83-F5C6-49EB-A0E9-D12E88F546A4}.Debug|x86.ActiveCfg = Debug|Win32
		{08F86C83-F5C6-49EB-A0E9-D12E88F546A4}.Debug|x86.Build.0 = Debug|Win32
		{08F86C83-F5C6-49EB-A0E9-D12E88F546A4}.Release|x64.ActiveCfg = Release|x64
		{08F86C83-F5C6-49EB-A0E9-D12E88F546A4}.Release|x64.Build.0 = Release|x64
		{08F86C83-F5C6-49EB-A0E9-D12E88F546A4}.Release|x86.ActiveCfg = Release|Win32
		{08F86C83-F5C6-49EB-A0E9-D12E88F546A4}.Release|x86.Build.0 = Release|Win32
		{996642F4-6BAB-4D61-892B-B9B6FCF34A75}.Debug|x64.ActiveCfg = Debug|x64
		{996642F4-6BAB-4D61-892B-B9B6FCF34A75}.Debug|x64.Build.0 = Debug|x64
		{996642F4-6BAB-4D61-892B-B9B6FCF34A75}.Debug|x86.ActiveCfg = Debug|Win32
		{996642F4-6BAB-4D61-892B-B9B6FCF34A75}.Debug|x86.Build.0 = Debug|Win32
		{996642F4-6BAB-4D61-892B-B9B6FCF34A75}.Release|x64.ActiveCfg = Release|x64
		{996642F4-6BAB-4D61-892B-B9B6FCF34A75}.Release|x64.Build.0 = Release|x64
		{996642F4-6BAB-4D61-892B-B9B6FCF34A75}.Release|x86.ActiveCfg = Release|Win32
		{996642F4-6BAB-4D61-892B-B9B6FCF34A75}.Release|x86.Build.0 = Release|Win32
		{AF793ADC-681A-41BA-93CB-F2C56E25C3BB}.Debug|x64.ActiveCfg = Debug|x64
		{AF793ADC-681A-41BA-93CB-F2C56E25C3BB}.Debug|x64.Build.0 = Debug|x64
		{AF793ADC-681A-41BA-93CB-F2C56E25C3BB}.Debug|x86.ActiveCfg = Debug|Win32
		{AF793ADC-681A-41BA-93CB-F2C56E25C3BB}.Debug|x86.Build.0 = Debug|Win32
		{AF793ADC-681A-41BA-93CB-F2C56E25C3BB}.Release|x64.ActiveCfg = Release|x64
		{AF793ADC-681A-41BA-93CB-F2C56E25C3BB}.Release|x64.Build.0 = Release|x64
		{AF793ADC-681A-41BA-93CB-F2C56E25C3BB}.Release|x86.ActiveCfg = Release|Win32
		{AF793ADC-681A-41BA-93CB-F2C56E25C3BB}.Release|x86.Build.0 = Release|Win32
		{073C3626-2830-47D5-A64F-90F550374E39}.Debug|x64.ActiveCfg = Debug|x64
		{073C3626-2830-47D5-A64F-90F550374E39}.Debug|x64.Build.0 = Debug|x64
		{073C3626-2830-47D5-A64F-90F550374E39}.Debug|x86.ActiveCfg = Debug|Win32
		{073C3626-2830-47D5-A64F-90F550374E39}.Debug|x86.Build.0 = Debug|Win32
		{073C3626-2830-47D5-A64F-90F550374E39}.Release|x64.ActiveCfg = Release|x64
		{073C3626-2830-47D5-A64F-90F550374E39}.Release|x64.Build.0 = Release|x64
		{073C3626-2830-47D5-A64F-90F550374E39}.Release|x86.ActiveCfg = Release|Win32
		{073C3626-2830-47D5-A64F-90F550374E39}.Release|x86.Build.0 = Release|Win32
		{42AE0318-C8B8-40DD-8160-DB187EA40DFD}.Debug|x64.ActiveCfg = Debug|x64
		{42AE0318-C8B8-40DD-8160-DB187EA40DFD}.Debug|x64.Build.0 = Debug|x64
		{42AE0318-C8B8-40DD-8160-DB187EA40DFD}.Debug|x86.ActiveCfg = Debug|Win32
		{42AE0318-C8B8-40DD-8160-DB187EA40DFD}.Debug|x86.Build.0 = Debug|Win32
		{42AE0318-C8B8-40DD-8160-DB187EA40DFD}.Release|x64.ActiveCfg = Release|x64
		{42AE0318-C8B8-40DD-8160-DB187EA40DFD}.Release|x64.Build.0 = Release|x64
		{42AE0318-C8B8-40DD-8160-DB187EA40DFD}.Release|x86.ActiveCfg = Release|Win32
		{42AE0318-C8B8-40DD-8160-DB187EA40DFD}.Release|x86.Build.0 = Release|Win32
		{FDAB8887-357F-46C6-A73C-AF3487502E7E}.Debug|x64.ActiveCfg = Debug|x64
		{FDAB8887-357F-46C6-A73C-AF3487502E7E}.Debug|x64.Build.0 = Debug|x64
		{FDAB8887-357F-46C6-A73C-AF3487502E7E}.Debug|x86.ActiveCfg = Debug|Win32
		{FDAB8887-357F-46C6-A73C-AF3487502E7E}.Debug|x86.Build.0 = Debug|Win32
		{FDAB8887-357F-46C6-A73C-AF3487502E7E}.Release|x64.ActiveCfg = Release|x64
		{FDAB8887-357F-46C6-A73C-AF3487502E7E}.Release|x64.Build.0 = Release|x64
		{FDAB8887-357F-46C6-A73C-AF3487502E7E}.Release|x86.ActiveCfg = Release|Win32
		{FDAB8887-357F-46C6-A73C-AF3487502E7E}.Release|x86.Build.0 = Release|Win32
		{D8A750C6-0B8C-46EA-B229-3205127DC6B4}.Debug|x64.ActiveCfg = Debug|x64
		{D8A750C6-0B8C-46EA-B229-3205127DC6B4}.Debug|x64.Build.0 = Debug|x64
		{D8A750C6-0B8C-46EA-B229-3205127DC6B4}.Debug|x86.ActiveCfg = Debug|Win32
		{D8A750C6-0B8C-46EA-B229-3205127DC6B4}.Debug|x86.Build.0 = Debug|Win32
		{D8A750C6-0B8C-46EA-B229-3205127DC6B4}.Release|x64.ActiveCfg = Release|x64
		{D8A750C6-0B8C-46EA-B229-3205127DC6B4}.Release|x64.Build.0 = Release|x64
		{D8A750C6-0B8C-46EA-B229-3205127DC6B4}.Release|x86.ActiveCfg = Release|Win32
		{D8A750C6-0B8C-46EA-B229-3205127DC6B4}.Release|x86.Build.0 = Release|Win32
		{5D6E2F14-B453-479A-9640-B86F99C705EF}.Debug|x64.ActiveCfg = Debug|x64
		{5D6E2F14-B453-479A-9640-B86F99C705EF}.Debug|x64.Build.0 = Debug|x64
		{5D6E2F14-B453-479A-9640-B86F99C705EF}.Debug|x86.ActiveCfg = Debug|Win32
		{5D6E2F14-B453-479A-9640-B86F99C705EF}.Debug|x86.Build.0 = Debug|Win32
		{5D6E2F14-B453-479A-9640-B86F99C705EF}.Release|x64.ActiveCfg = Release|x64
		{5D6E2F14-B453-479A-9640-B86F99C705EF}.Release|x64.Build.0 = Release|x64
		{5D6E2F14-B453-479A-9640-B86F99C705EF}.Release|x86.ActiveCfg = Release|Win32
		{5D6E2F14-B453-479A-9640-B86F99C705EF}.Release|x86.Build.0 = Release|Win32
		{43E1D246-A185-49D5-A96C-0D9047E9A3BC}.Debug|x64.ActiveCfg = Debug|x64
		{43E1D246-A185-49D5-A96C-0D9047E9A3BC}.Debug|x64.Build.0 = Debug|x64
		{43E1D246-A185-49D5-A96C-0D9047E9A3BC}.Debug|x86.ActiveCfg = Debug|Win32
		{43E1D246-A185-49D5-A96C-0D9047E9A3BC}.Debug|x86.Build.0 = Debug|Win32
		{43E1D246-A185-49D5-A96C-0D9047E9A3BC}.Release|x64.ActiveCfg = Release|x64
		{43E1D246-A185-49D5-A96C-0D9047E9A3BC}.Release|x64.Build.0 = Release|x64
		{43E1D246-A185-49D5-A96C-0D9047E9A3BC}.Release|x86.ActiveCfg = Release|Win32
		{43E1D246-A185-49D5-A96C-0D9047E9A3BC}.Release|x86.Build.0 = Release|Win32
		{FF65B6A9-4477-4D76-82D9-871CA7609BCB}.Debug|x64.ActiveCfg = Debug|x64
		{FF65B6A9-4477-4D76-82D9-871CA7609BCB}.Debug|x64.Build.0 = Debug|x64
		{FF65B6A9-4477-4D76-82D9-871CA7609BCB}.Debug|x86.ActiveCfg = Debug|Win32
		{FF65B6A9-4477-4D76-82D9-871CA7609BCB}.Debug|x86.Build.0 = Debug|Win32
		{FF65B6A9-4477-4D76-82D9-871CA7609BCB}.Release|x64.ActiveCfg = Release|x64
		{FF65B6A9-4477-4D76-82D9-871CA7609BCB}.Release|x64.Build.0 = Release|x64
		{FF65B6A9-4477-4D76-82D9-871CA7609BCB}.Release|x86.ActiveCfg = Release|Win32
		{FF65B6A9-4477-4D76-82D9-871CA7609BCB}.Release|x86.Build.0 = Release|Win32
		{83AD4B14-A003-4B76-9C9D-5D84BB7C6136}.Debug|x64.ActiveCfg = Debug|x64
		{83AD4B14-A003-4B76-9C9D-5D84BB7C6136}.Debug|x64.Build.0 = Debug|x64
		{83AD4B14-A003-4B76-9C9D-5D84BB7C6136}.Debug|x86.ActiveCfg = Debug|Win32
		{83AD4B14-A003-4B76-9C9D-5D84BB7C6136}.Debug|x86.Build.0 = Debug|Win32
		{83AD4B14-A003-4B76-9C9D-5D84BB7C6136}.Release|x64.ActiveCfg = Release|x64
		{83AD4B14-A003-4B76-9C9D-5D84BB7C6136}.Release|x64.Build.0 = Release|x64
		{83AD4B14-A003-4B76-9C9D-5D84BB7C6136}.Release|x86.ActiveCfg = Release|Win32
		{83AD4B14-A003-4B76-9C9D-5D84BB7C6136}.Release|x86.Build.0 = Release|Win32
		{C13E1E46-9A0A-412C-8F64-4573FBDF7601}.Debug|x64.ActiveCfg = Debug|x64
		{C13E1E46-9A0A-412C-8F64-4573FBDF7601}.Debug|x64.Build.0 = Debug|x64
		{C13E1E46-9A0A-412C-8F64-4573FBDF7601}.Debug|x86.ActiveCfg = Debug|Win32
		{C13E1E46-9A0A-412C-8F64-4573FBDF7601}.Debug|x86.Build.0 = Debug|Win32
		{C13E1E46-9A0A-412C-8F64-4573FBDF7601}.Release|x64.ActiveCfg = Release|x64
		{C13E1E46-9A0A-412C-8F64-4573FBDF7601}.Release|x64.Build.0 = Release|x64
		{C13E1E46-9A0A-412C-8F64-4573FBDF7601}.Release|x86.ActiveCfg = Release|Win32
		{C13E1E46-9A0A-412C-8F64-4573FBDF7601}.Release|x86.Build.0 = Release|Win32
		{D16A4385-59EC-4204-AAA8-287E8E03CBD6}.Debug|x64.ActiveCfg = Debug|x64
		{D16A4385-59EC-4204-AAA8-287E8E03CBD6}.Debug|x64.Build.0 = Debug|x64
		{D16A4385-59EC-4204-AAA8-287E8E03CBD6}.Debug|x86.ActiveCfg = Debug|Win32
		{D16A4385-59EC-4204-AAA8-287E8E03CBD6}.Debug|x86.Build.0 = Debug|Win32
		{D16A4385-59EC-4204-AAA8-287E8E03CBD6}.Release|x64.ActiveCfg = Release|x64
		{D16A4385-59EC-4204-AAA8-287E8E03CBD6}.Release|x64.Build.0 = Release|x64
		{D16A4385-59EC-4204-AAA8-287E8E03CBD6}.Release|x86.ActiveCfg = Release|Win32
		{D16A4385-59EC-4204-AAA8-287E8E03CBD6}.Release|x86.Build.0 = Release|Win32
		{DAC5C9FD-14A6-4D80-9541-AC38B10685E5}.Debug|x64.ActiveCfg = Debug|x64
		{DAC5C9FD-14A6-4D80-9541-AC38B10685E5}.Debug|x64.Build.0 = Debug|x64
		{DAC5C9FD-14A6-4D80-9541-AC38B10685E5}.Debug|x86.ActiveCfg = Debug|Win32
		{DAC5C9FD-14A6-4D80-9541-AC38B10685E5}.Debug|x86.Build.0 = Debug|Win32
		{DAC5C9FD-14A6-4D80-9541-AC38B10685E5}.Release|x64.ActiveCfg = Release|x64
		{DAC5C9FD-14A6-4D80-9541-AC38B10685E5}.Release|x64.Build.0 = Release|x64
		{DAC5C9FD-14A6-4D80-9541-AC38B10685E5}.Release|x86.ActiveCfg = Release|Win32
		{DAC5C9FD-14A6-4D80-9541-AC38B10685E5}.Release|x86.Build.0 = Release|Win32
		{29665D25-23A4-4EAA-8373-59A73D381ADA}.Debug|x64.ActiveCfg = Debug|x64
		{29665D25-23A4-4EAA-8373-59A73D381ADA}.Debug|x64.Build.0 = Debug|x64
		{29665D25-23A4-4EAA-8373-59A73D381ADA}.Debug|x86.ActiveCfg = Debug|Win32
		{29665D25-23A4-4EAA-8373-59A73D381ADA}.Debug|x86.Build.0 = Debug|Win32
		{29665D25-23A4-4EAA-8373-59A73D381ADA}.Release|x64.ActiveCfg = Release|x64
		{29665D25-23A4-4EAA-8373-59A73D381ADA}.Release|x64.Build.0 = Release|x64
		{29665D25-23A4-4EAA-8373-59A73D381ADA}.Release|x86.ActiveCfg = Release|Win32
		{29665D25-23A4-4EAA-8373-59A73D381ADA}.Release|x86.Build.0 = Release|Win32
		{3A45E929-3D66-41E6-92EE-AF76C890308A}.Debug|x64.ActiveCfg = Debug|x64
		{3A45E929-3D66-41E6-92EE-AF76C890308A}.Debug|x64.Build.0 = Debug|x64
		{3A45E929-3D66-41E6-92EE-AF76C890308A}.Debug|x86.ActiveCfg = Debug|Win32
		{3A45E929-3D66-41E6-92EE-AF76C890308A}.Debug|x86.Build.0 = Debug|Win32
		{3A45E929-3D66-41E6-92EE-AF76C890308A}.Release|x64.ActiveCfg = Release|x64
		{3A45E929-3D66-41E6-92EE-AF76C890308A}.Release|x64.Build.0 = Release|x64
		{3A45E929-3D66-41E6-92EE-AF76C890308A}.Release|x86.ActiveCfg = Release|Win32
		{3A45E929-3D66-41E6-92EE-AF76C890308A}.Release|x86.Build.0 = Release|Win32
		{C0AFF525-0159-47CB-A088-665EF05B826F}.Debug|x64.ActiveCfg = Debug|x64
		{C0AFF525-0159-47CB-A088-665EF05B826F}.Debug|x64.Build.0 = Debug|x64
		{C0AFF525-0159-47CB-A088-665EF05B826F}.Debug|x86.ActiveCfg = Debug|Win32
		{C0AFF525-0159-47CB-A088-665EF05B826F}.Debug|x86.Build.0 = Debug|Win32
		{C0AFF525-0159-47CB-A088-665EF05B826F}.Release|x64.ActiveCfg = Release|x64
		{C0AFF525-0159-47CB-A088-665EF05B826F}.Release|x64.Build.0 = Release|x64
		{C0AFF525-0159-47CB-A088-665EF05B826F}.Release|x86.ActiveCfg = Release|Win32
		{C0AFF525-0159-47CB-A088-665EF05B826F}.Release|x86.Build.0 = Release|Win32
		{348FD4AB-AF43-4271-8B43-174C72600974}.Debug|x64.ActiveCfg = Debug|x64
		{348FD4AB-AF43-4271-8B43-174C72600974}.Debug|x64.Build.0 = Debug|x64
		{348FD4AB-AF43-4271-8B43-174C72600974}.Debug|x86.ActiveCfg = Debug|Win32
		{348FD4AB-AF43-4271-8B43-174C72600974}.Debug|x86.Build.0 = Debug|Win32
		{348FD4AB-AF43-4271-8B43-174C72600974}.Release|x64.ActiveCfg = Release|x64
		{348FD4AB-AF43-4271-8B43-174C72600974}.Release|x64.Build.0 = Release|x64
		{348FD4AB-AF43-4271-8B43-174C72600974}.Release|x86.ActiveCfg = Release|Win32
		{348FD4AB-AF43-4271-8B43-174C72600974}.Release|x86.Build.0 = Release|Win32
		{340E053F-B57D-42AF-82E8-A8E1590AA1E6}.Debug|x64.ActiveCfg = Debug|x64
		{340E053F-B57D-42AF-82E8-A8E1590AA1E6}.Debug|x64.Build.0 = Debug|x64
		{340E053F-B57D-42AF-82E8-A8E1590AA1E6}.Debug|x86.ActiveCfg = Debug|Win32
		{340E053F-B57D-42AF-82E8-A8E1590AA1E6}.Debug|x86.Build.0 = Debug|Win32
		{340E053F-B57D-42AF-82E8-A8E1590AA1E6}.Release|x64.ActiveCfg = Release|x64
		{340E053F-B57D-42AF-82E8-A8E1590AA1E6}.Release|x64.Build.0 = Release|x64
		{340E053F-B57D-42AF-82E8-A8E1590AA1E6}.Release|x86.ActiveCfg = Release|Win32
		{340E053F-B57D-42AF-82E8-A8E1590AA1E6}.Release|x86.Build.0 = Release|Win32
		{5FFF0466-33C9-4937-86FA-C47CACD57E29}.Debug|x64.ActiveCfg = Debug|x64
		{5FFF0466-33C9-4937-86FA-C47CACD57E29}.Debug|x64.Build.0 = Debug|x64
		{5FFF0466-33C9-4937-86FA-C47CACD57E29}.Debug|x86.ActiveCfg = Debug|Win32
		{5FFF0466-33C9-4937-86FA-C47CACD57E29}.Debug|x86.Build.0 = Debug|Win32
		{5FFF0466-33C9-4937-86FA-C47CACD57E29}.Release|x64.ActiveCfg = Release|x64
		{5FFF0466-33C9-4937-86FA-C47CACD57E29}.Release|x64.Build.0 = Release|x64
		{5FFF0466-33C9-4937-86FA-C47CACD57E29}.Release|x86.ActiveCfg = Release|Win32
		{5FFF0466-33C9-4937-86FA-C47CACD57E29}.Release|x86.Build.0 = Release|Win32
		{6403736D-6ABA-489E-A049-DDF2D28B6A18}.Debug|x64.ActiveCfg = Debug|x64
		{6403736D-6ABA-489E-A049-DDF2D28B6A18}.Debug|x64.Build.0 = Debug|x64
		{6403736D-6ABA-489E-A049-DDF2D28B6A18}.Debug|x86.ActiveCfg = Debug|Win32
		{6403736D-6ABA-489E-A049-DDF2D28B6A18}.Debug|x86.Build.0 = Debug|Win32
		{6403736D-6ABA-489E-A049-DDF2D28B6A18}.Release|x64.ActiveCfg = Release|x64
		{6403736D-6ABA-489E-A049-DDF2D28B6A18}.Release|x64.Build.0 = Release|x64
		{6403736D-6ABA-489E-A049-DDF2D28B6A18}.Release|x86.ActiveCfg = Release|Win32
		{6403736D-6ABA-489E-A049-DDF2D28B6A18}.Release|x86.Build.0 = Release|Win32
		{34E217A8-2DA6-46C0-9A49-F651D34D8CFD}.Debug|x64.ActiveCfg = Debug|x64
		{34E217A8-2DA6-46C0-9A49-F651D34D8CFD}.Debug|x64.Build.0 = Debug|x64
		{34E217A8-2DA6-46C0-9A49-F651D34D8CFD}.Debug|x86.ActiveCfg = Debug|Win32
		{34E217A8-2DA6-46C0-9A49-F651D34D8CFD}.Debug|x86.Build.0 = Debug|Win32
		{34E217A8-2DA6-46C0-9A49-F651D34D8CFD}.Release|x64.ActiveCfg = Release|x64
		{34E217A8-2DA6-46C0-9A49-F651D34D8CFD}.Release|x64.Build.0 = Release|x64
		{34E217A8-2DA6-46C0-9A49-F651D34D8CFD}.Release|x86.ActiveCfg = Release|Win32
		{34E217A8-2DA6-46C0-9A49-F651D34D8CFD}.Release|x86.Build.0 = Release|Win32
		{40143D4A-BE73-4F6F-A1D8-70955D13A304}.Debug|x64.ActiveCfg = Debug|x64
		{40143D4A-BE73-4F6F-A1D8-70955D13A304}.Debug|x64.Build.0 = Debug|x64
		{40143D4A-BE73-4F6F-A1D8-70955D13A304}.Debug|x86.ActiveCfg = Debug|Win32
		{40143D4A-BE73-4F6F-A1D8-70955D13A304}.Debug|x86.Build.0 = Debug|Win32
		{40143D4A-BE73-4F6F-A1D8-70955D13A304}.Release|x64.ActiveCfg = Release|x64
		{40143D4A-BE73-4F6F-A1D8-70955D13A304}.Release|x64.Build.0 = Release|x64
		{40143D4A-BE73-4F6F-A1D8-70955D13A304}.Release|x86.ActiveCfg = Release|Win32
		{40143D4A-BE73-4F6F-A1D8-70955D13A304}.Release|x86.Build.0 = Release|Win32
		{6CD60266-D0AE-47EC-9B6E-5C72AB8C0CC6}.Debug|x64.ActiveCfg = Debug|x64
		{6CD60266-D0AE-47EC-9B6E-5C72AB8C0CC6}.Debug|x64.Build.0 = Debug|x64
		{6CD60266-D0AE-47EC-9B6E-5C72AB8C0CC6}.Debug|x86.ActiveCfg = Debug|Win32
		{6CD60266-D0AE-47EC-9B6E-5C72AB8C0CC6}.Debug|x86.Build.0 = Debug|Win32
		{6CD60266-D0AE-47EC-9B6E-5C72AB8C0CC6}.Release|x64.ActiveCfg = Release|x64
		{6CD60266-D0AE-47EC-9B6E-5C72AB8C0CC6}.Release|x64.Build.0 = Release|x64
		{6CD60266-D0AE-47EC-9B6E-5C72AB8C0CC6}.Release|x86.ActiveCfg = Release|Win32
		{6CD60266-D0AE-47EC-9B6E-5C72AB8C0CC6}.Release|x86.Build.0 = Release|Win32
		{F5953FEA-877F-42E5-9490-BEA59C511A77}.Debug|x64.ActiveCfg = Debug|x64
		{F5953FEA-877F-42E5-9490-BEA59C511A77}.Debug|x64.Build.0 = Debug|x64
		{F5953FEA-877F-42E5-9490-BEA59C511A77}.Debug|x86.ActiveCfg = Debug|Win32
		{F5953FEA-877F-42E5-9490-BEA59C511A77}.Debug|x86.Build.0 = Debug|Win32
		{F5953FEA-877F-42E5-9490-BEA59C511A77}.Release|x64.ActiveCfg = Release|x64
		{F5953FEA-877F-42E5-9490-BEA59C511A77}.Release|x64.Build.0 = Release|x64
		{F5953FEA-877F-42E5-9490-BEA59C511A77}.Release|x86.ActiveCfg = Release|Win32
		{F5953FEA-877F-42E5-9490-BEA59C511A77}.Release|x86.Build.0 = Release|Win32
		{313BB0D6-9DE3-4621-9FFE-5642E1E5E4EC}.Debug|x64.ActiveCfg = Debug|x64
		{313BB0D6-9DE3-4621-9FFE-5642E1E5E4EC}.Debug|x64.Build.0 = Debug|x64
		{313BB0D6-9DE3-4621-9FFE-5642E1E5E4EC}.Debug|x86.ActiveCfg = Debug|Win32
		{313BB0D6-9DE3-4621-9FFE-5642E1E5E4EC}.Debug|x86.Build.0 = Debug|Win32
		{313BB0D6-9DE3-4621-9FFE-5642E1E5E4EC}.Release|x64.ActiveCfg = Release|x64
		{313BB0D6-9DE3-4621-9FFE-5642E1E5E4EC}.Release|x64.Build.0 = Release|x64
		{313BB0D6-9DE3-4621-9FFE-5642E1E5E4EC}.Release|x86.ActiveCfg = Release|Win32
		{313BB0D6-9DE3-4621-9FFE-5642E1E5E4EC}.Release|x86.Build.0 = Release|Win32
		{06FF293D-4313-49FB-925B-46C4460D274E}.Debug|x64.ActiveCfg = Debug|x64
		{06FF293D-4313-49FB-925B-46C4460D274E}.Debug|x64.Build.0 = Debug|x64
		{06FF293D-4313-49FB-925B-46C4460D274E}.Debug|x86.ActiveCfg = Debug|Win32
		{06FF293D-4313-49FB-925B-46C4460D274E}.Debug|x86.Build.0 = Debug|Win32
		{06FF293D-4313-49FB-925B-46C4460D274E}.Release|x64.ActiveCfg = Release|x64
		{06FF293D-4313-49FB-925B-46C4460D274E}.Release|x64.Build.0 = Release|x64
		{06FF293D-4313-49FB-925B-46C4460D274E}.Release|x86.ActiveCfg = Release|Win32
		{06FF293D-4313-49FB-925B-46C4460D274E}.Release|x86.Build.0 = Release|Win32
		{994556E9-5F7D-4F01-BB9F-BD34AB95C35E}.Debug|x64.ActiveCfg = Debug|x64
		{994556E9-5F7D-4F01-BB9F-BD34AB95C35E}.Debug|x64.Build.0 = Debug|x64
		{994556E9-5F7D-4F01-BB9F-BD34AB95C35E}.Debug|x86.ActiveCfg = Debug|Win32
		{994556E9-5F7D-4F01-BB9F-BD34AB95C35E}.Debug|x86.Build.0 = Debug|Win32
		{994556E9-5F7D-4F01-BB9F-BD34AB95C35E}.Release|x64.ActiveCfg = Release|x64
		{994556E9-5F7D-4F01-BB9F-BD34AB95C35E}.Release|x64.Build.0 = Release|x64
		{994556E9-5F7D-4F01-BB9F-BD34AB95C35E}.Release|x86.ActiveCfg = Release|Win32
		{994556E9-5F7D-4F01-BB9F-BD34AB95C35E}.Release|x86.Build.0 = Release|Win32
		{B6CFD5D2-F8D4-4542-95A6-31A97A1D0B2A}.Debug|x64.ActiveCfg = Debug|x64
		{B6CFD5D2-F8D4-4542-95A6-31A97A1D0B2A}.Debug|x64.Build.0 = Debug|x64
		{B6CFD5D2-F8D4-4542-95A6-31A97A1D0B2A}.Debug|x86.ActiveCfg = Debug|Win32
		{B6CFD5D2-F8D4-4542-95A6-31A97A1D0B2A}.Debug|x86.Build.0 = Debug|Win32
		{B6CFD5D2-F8D4-4542-95A6-31A97A1D0B2A}.Release|x64.ActiveCfg = Release|x64
		{B6CFD5D2-F8D4-4542-95A6-31A97A1D0B2A}.Release|x64.Build.0 = Release|x64
		{B6CFD5D2-F8D4-4542-95A6-31A97A1D0B2A}.Release|x86.ActiveCfg = Release|Win32
		{B6CFD5D2-F8D4-4542-95A6-31A97A1D0B2A}.Release|x86.Build.0 = Release|Win32
		{B60C1834-4926-4738-9652-09D24334C5D5}.Debug|x64.ActiveCfg = Debug|x64
		{B60C1834-4926-4738-9652-09D24334C5D5}.Debug|x64.Build.0 = Debug|x64
		{B60C1834-4926-4738-9652-09D24334C5D5}.Debug|x86.ActiveCfg = Debug|Win32
		{B60C1834-4926-4738-9652-09D24334C5D5}.Debug|x86.Build.0 = Debug|Win32
		{B60C1834-4926-4738-9652-09D24334C5D5}.Release|x64.ActiveCfg = Release|x64
		{B60C1834-4926-4738-9652-09D24334C5D5}.Release|x64.Build.0 = Release|x64
		{B60C1834-4926-4738-9652-09D24334C5D5}.Release|x86.ActiveCfg = Release|Win32
		{B60C1834-4926-4738-9652-09D24334C5D5}.Release|x86.Build.0 = Release|Win32
		{4B5D5441-31A7-4642-B202-961350DE9964}.Debug|x64.ActiveCfg = Debug|x64
		{4B5D5441-31A7-4642-B202-961350DE9964}.Debug|x64.Build.0 = Debug|x64
		{4B5D5441-31A7-4642-B202-961350DE9964}.Debug|x86.ActiveCfg = Debug|Win32
		{4B5D5441-31A7-4642-B202-961350DE9964}.Debug|x86.Build.0 = Debug|Win32
		{4B5D5441-31A7-4642-B202-961350DE9964}.Release|x64.ActiveCfg = Release|x64
		{4B5D5441-31A7-4642-B202-961350DE9964}.Release|x64.Build.0 = Release|x64
		{4B5D5441-31A7-4642-B202-961350DE9964}.Release|x86.ActiveCfg = Release|Win32
		{4B5D5441-31A7-4642-B202-961350DE9964}.Release|x86.Build.0 = Release|Win32
		{30B50215-7F54-469C-A064-B6CA7E8148C1}.Debug|x64.ActiveCfg = Debug|x64
		{30B50215-7F54-469C-A064-B6CA7E8148C1}.Debug|x64.Build.0 = Debug|x64
		{30B50215-7F54-469C-A064-B6CA7E8148C1}.Debug|x86.ActiveCfg = Debug|Win32
		{30B50215-7F54-469C-A064-B6CA7E8148C1}.Debug|x86.Build.0 = Debug|Win32
		{30B50215-7F54-469C-A064-B6CA7E8148C1}.Release|x64.ActiveCfg = Release|x64
		{30B50215-7F54-469C-A064-B6CA7E8148C1}.Release|x64.Build.0 = Release|x64
		{30B50215-7F54-469C-A064-B6CA7E8148C1}.Release|x86.ActiveCfg = Release|Win32
		{30B50215-7F54-469C-A064-B6CA7E8148C1}.Release|x86.Build.0 = Release|Win32
	EndGlobalSection
	GlobalSection(SolutionProperties) = preSolution
		HideSolutionNode = FALSE
	EndGlobalSection
	GlobalSection(NestedProjects) = preSolution
		{2AB1D7A0-0E6A-4987-9B00-4CB4AA06F92E} = {2C65D0D1-407F-41EB-96E1-2A236639A7B4}
		{4F36C7C8-5334-4347-8E53-09F34923E63F} = {2C65D0D1-407F-41EB-96E1-2A236639A7B4}
		{1BE1BF13-6D9A-422C-A51B-A1D096F4E19F} = {2C65D0D1-407F-41EB-96E1-2A236639A7B4}
		{47A6B000-B568-47F4-97BE-4439B21DAF0A} = {2C65D0D1-407F-41EB-96E1-2A236639A7B4}
		{C77E61A5-7246-41F3-A771-A350B03071F1} = {2C65D0D1-407F-41EB-96E1-2A236639A7B4}
		{F9E69CFE-8B1B-467E-987B-0CE60E15166F} = {2C65D0D1-407F-41EB-96E1-2A236639A7B4}
		{61DEB940-7122-465C-953F-95E7D97985E6} = {2C65D0D1-407F-41EB-96E1-2A236639A7B4}
		{05C7FA3F-1323-4108-87C8-E8A6C3A7F8CB} = {2C65D0D1-407F-41EB-96E1-2A236639A7B4}
		{08F86C83-F5C6-49EB-A0E9-D12E88F546A4} = {2C65D0D1-407F-41EB-96E1-2A236639A7B4}
		{996642F4-6BAB-4D61-892B-B9B6FCF34A75} = {49C61692-11A1-4D38-B393-2C14E9E53CC4}
		{AF793ADC-681A-41BA-93CB-F2C56E25C3BB} = {49C61692-11A1-4D38-B393-2C14E9E53CC4}
		{073C3626-2830-47D5-A64F-90F550374E39} = {49C61692-11A1-4D38-B393-2C14E9E53CC4}
		{42AE0318-C8B8-40DD-8160-DB187EA40DFD} = {49C61692-11A1-4D38-B393-2C14E9E53CC4}
		{FDAB8887-357F-46C6-A73C-AF3487502E7E} = {49C61692-11A1-4D38-B393-2C14E9E53CC4}
		{D8A750C6-0B8C-46EA-B229-3205127DC6B4} = {49C61692-11A1-4D38-B393-2C14E9E53CC4}
		{5D6E2F14-B453-479A-9640-B86F99C705EF} = {49C61692-11A1-4D38-B393-2C14E9E53CC4}
		{43E1D246-A185-49D5-A96C-0D9047E9A3BC} = {49C61692-11A1-4D38-B393-2C14E9E53CC4}
		{FF65B6A9-4477-4D76-82D9-871CA7609BCB} = {49C61692-11A1-4D38-B393-2C14E9E53CC4}
		{83AD4B14-A003-4B76-9C9D-5D84BB7C6136} = {49C61692-11A1-4D38-B393-2C14E9E53CC4}
		{C13E1E46-9A0A-412C-8F64-4573FBDF7601} = {49C61692-11A1-4D38-B393-2C14E9E53CC4}
		{D16A4385-59EC-4204-AAA8-287E8E03CBD6} = {2BE61E7E-5E0E-4A15-9933-9F4CD6615888}
		{DAC5C9FD-14A6-4D80-9541-AC38B10685E5} = {2BE61E7E-5E0E-4A15-9933-9F4CD6615888}
		{29665D25-23A4-4EAA-8373-59A73D381ADA} = {2BE61E7E-5E0E-4A15-9933-9F4CD6615888}
		{3A45E929-3D66-41E6-92EE-AF76C890308A} = {2BE61E7E-5E0E-4A15-9933-9F4CD6615888}
		{C0AFF525-0159-47CB-A088-665EF05B826F} = {2BE61E7E-5E0E-4A15-9933-9F4CD6615888}
		{348FD4AB-AF43-4271-8B43-174C72600974} = {2BE61E7E-5E0E-4A15-9933-9F4CD6615888}
		{340E053F-B57D-42AF-82E8-A8E1590AA1E6} = {01ADD643-259F-4313-B7B5-0CCCA4ABD1CC}
		{5FFF0466-33C9-4937-86FA-C47CACD57E29} = {01ADD643-259F-4313-B7B5-0CCCA4ABD1CC}
		{6403736D-6ABA-489E-A049-DDF2D28B6A18} = {2BE61E7E-5E0E-4A15-9933-9F4CD6615888}
		{34E217A8-2DA6-46C0-9A49-F651D34D8CFD} = {2BE61E7E-5E0E-4A15-9933-9F4CD6615888}
		{40143D4A-BE73-4F6F-A1D8-70955D13A304} = {2BE61E7E-5E0E-4A15-9933-9F4CD6615888}
		{6CD60266-D0AE-47EC-9B6E-5C72AB8C0CC6} = {0DC602F8-9504-4532-99A8-55277EE14CD5}
		{F5953FEA-877F-42E5-9490-BEA59C511A77} = {0DC602F8-9504-4532-99A8-55277EE14CD5}
		{313BB0D6-9DE3-4621-9FFE-5642E1E5E4EC} = {0DC602F8-9504-4532-99A8-55277EE14CD5}
		{06FF293D-4313-49FB-925B-46C4460D274E} = {0DC602F8-9504-4532-99A8-55277EE14CD5}
		{994556E9-5F7D-4F01-BB9F-BD34AB95C35E} = {9BAAAE5F-E1C9-4E2C-8D30-29C42DFF900A}
		{B6CFD5D2-F8D4-4542-95A6-31A97A1D0B2A} = {9BAAAE5F-E1C9-4E2C-8D30-29C42DFF900A}
		{E8FDBAA1-156C-43DF-955E-0B569A39550D} = {2CFA1B96-547B-4C09-B7FC-2FB5931FA5A3}
		{B60C1834-4926-4738-9652-09D24334C5D5} = {E8FDBAA1-156C-43DF-955E-0B569A39550D}
		{4B5D5441-31A7-4642-B202-961350DE9964} = {E8FDBAA1-156C-43DF-955E-0B569A39550D}
		{9BAAAE5F-E1C9-4E2C-8D30-29C42DFF900A} = {2CFA1B96-547B-4C09-B7FC-2FB5931FA5A3}
		{30B50215-7F54-469C-A064-B6CA7E8148C1} = {2CFA1B96-547B-4C09-B7FC-2FB5931FA5A3}
	EndGlobalSection
EndGlobal
